
Microsoft Visual Studio Solution File, Format Version 12.00
# Visual Studio 15
Project("{FAE04EC0-301F-11D3-BF4B-00C04F79EFBC}") = "rogue_like", "Assembly-CSharp.csproj", "{235E7193-8148-FFFA-16C5-BA9177ED9B77}"
EndProject
Project("{FAE04EC0-301F-11D3-BF4B-00C04F79EFBC}") = "rogue_like", "Assembly-CSharp-Editor.csproj", "{560A0B9C-7EC7-09F5-BA8F-92155B39C3DB}"
EndProject
Global
	GlobalSection(SolutionConfigurationPlatforms) = preSolution
		Debug|Any CPU = Debug|Any CPU
		Release|Any CPU = Release|Any CPU
	EndGlobalSection
	GlobalSection(ProjectConfigurationPlatforms) = postSolution
		{235E7193-8148-FFFA-16C5-BA9177ED9B77}.Debug|Any CPU.ActiveCfg = Debug|Any CPU
		{235E7193-8148-FFFA-16C5-BA9177ED9B77}.Debug|Any CPU.Build.0 = Debug|Any CPU
		{235E7193-8148-FFFA-16C5-BA9177ED9B77}.Release|Any CPU.ActiveCfg = Release|Any CPU
		{235E7193-8148-FFFA-16C5-BA9177ED9B77}.Release|Any CPU.Build.0 = Release|Any CPU
		{560A0B9C-7EC7-09F5-BA8F-92155B39C3DB}.Debug|Any CPU.ActiveCfg = Debug|Any CPU
		{560A0B9C-7EC7-09F5-BA8F-92155B39C3DB}.Debug|Any CPU.Build.0 = Debug|Any CPU
		{560A0B9C-7EC7-09F5-BA8F-92155B39C3DB}.Release|Any CPU.ActiveCfg = Release|Any CPU
		{560A0B9C-7EC7-09F5-BA8F-92155B39C3DB}.Release|Any CPU.Build.0 = Release|Any CPU
	EndGlobalSection
	GlobalSection(SolutionProperties) = preSolution
		HideSolutionNode = FALSE
	EndGlobalSection
EndGlobal
